
Microsoft Visual Studio Solution File, Format Version 12.00
# Visual Studio Version 17
VisualStudioVersion = 17.11.35017.193
MinimumVisualStudioVersion = 10.0.40219.1
Project("{FAE04EC0-301F-11D3-BF4B-00C04F79EFBC}") = "ChatApplication.Server", "ChatApplication.Server\ChatApplication.Server.csproj", "{89360A8F-17B3-4926-B48C-F408D06D04D2}"
EndProject
Project("{54A90642-561A-4BB1-A94E-469ADEE60C69}") = "chatapplication.client", "chatapplication.client\chatapplication.client.esproj", "{3DFA1166-C6BD-4BDF-9C4A-75C42AEAF94E}"
EndProject
Global
	GlobalSection(SolutionConfigurationPlatforms) = preSolution
		Debug|Any CPU = Debug|Any CPU
		Release|Any CPU = Release|Any CPU
	EndGlobalSection
	GlobalSection(ProjectConfigurationPlatforms) = postSolution
		{89360A8F-17B3-4926-B48C-F408D06D04D2}.Debug|Any CPU.ActiveCfg = Debug|Any CPU
		{89360A8F-17B3-4926-B48C-F408D06D04D2}.Debug|Any CPU.Build.0 = Debug|Any CPU
		{89360A8F-17B3-4926-B48C-F408D06D04D2}.Release|Any CPU.ActiveCfg = Release|Any CPU
		{89360A8F-17B3-4926-B48C-F408D06D04D2}.Release|Any CPU.Build.0 = Release|Any CPU
		{3DFA1166-C6BD-4BDF-9C4A-75C42AEAF94E}.Debug|Any CPU.ActiveCfg = Debug|Any CPU
		{3DFA1166-C6BD-4BDF-9C4A-75C42AEAF94E}.Debug|Any CPU.Build.0 = Debug|Any CPU
		{3DFA1166-C6BD-4BDF-9C4A-75C42AEAF94E}.Debug|Any CPU.Deploy.0 = Debug|Any CPU
		{3DFA1166-C6BD-4BDF-9C4A-75C42AEAF94E}.Release|Any CPU.ActiveCfg = Release|Any CPU
		{3DFA1166-C6BD-4BDF-9C4A-75C42AEAF94E}.Release|Any CPU.Build.0 = Release|Any CPU
		{3DFA1166-C6BD-4BDF-9C4A-75C42AEAF94E}.Release|Any CPU.Deploy.0 = Release|Any CPU
	EndGlobalSection
	GlobalSection(SolutionProperties) = preSolution
		HideSolutionNode = FALSE
	EndGlobalSection
	GlobalSection(ExtensibilityGlobals) = postSolution
		SolutionGuid = {6FE320AC-70A0-4801-BA78-21C46FF491A7}
	EndGlobalSection
EndGlobal
